// !$*UTF8*$!
{
	archiveVersion = 1;
	classes = {
	};
	objectVersion = 50;
	objects = {

/* Begin PBXBuildFile section */
		F6C83E222503F835007D745F /* AppDelegate.swift in Sources */ = {isa = PBXBuildFile; fileRef = F6C83E212503F835007D745F /* AppDelegate.swift */; };
		F6C83E242503F835007D745F /* SceneDelegate.swift in Sources */ = {isa = PBXBuildFile; fileRef = F6C83E232503F835007D745F /* SceneDelegate.swift */; };
		F6C83E262503F835007D745F /* ContentView.swift in Sources */ = {isa = PBXBuildFile; fileRef = F6C83E252503F835007D745F /* ContentView.swift */; };
		F6C83E282503F835007D745F /* Assets.xcassets in Resources */ = {isa = PBXBuildFile; fileRef = F6C83E272503F835007D745F /* Assets.xcassets */; };
		F6C83E2B2503F835007D745F /* Preview Assets.xcassets in Resources */ = {isa = PBXBuildFile; fileRef = F6C83E2A2503F835007D745F /* Preview Assets.xcassets */; };
		F6C83E2E2503F835007D745F /* LaunchScreen.storyboard in Resources */ = {isa = PBXBuildFile; fileRef = F6C83E2C2503F835007D745F /* LaunchScreen.storyboard */; };
		F6C83E392503F835007D745F /* FairyTaleCollageBuilderTests.swift in Sources */ = {isa = PBXBuildFile; fileRef = F6C83E382503F835007D745F /* FairyTaleCollageBuilderTests.swift */; };
		F6C83E442503F835007D745F /* FairyTaleCollageBuilderUITests.swift in Sources */ = {isa = PBXBuildFile; fileRef = F6C83E432503F835007D745F /* FairyTaleCollageBuilderUITests.swift */; };
		F6C83E522503F835007D745F /* ImagePicker.swift in Sources */ = {isa = PBXBuildFile; fileRef = F6C83E512503F835007D745F /* ImagePicker.swift */; };
		F6C83E572503F835007D745F /* DraggableView.swift in Sources */ = {isa = PBXBuildFile; fileRef = F6C83E562503F835007D745F /* DraggableView.swift */; };
		F6C83E592503F835007D745F /* View+Draggable.swift in Sources */ = {isa = PBXBuildFile; fileRef = F6C83E582503F835007D745F /* View+Draggable.swift */; };
		F6C83E5D2503F835007D745F /* AsyncImage.swift in Sources */ = {isa = PBXBuildFile; fileRef = F6C83E5C2503F835007D745F /* AsyncImage.swift */; };
		F6C83E5F2503F835007D745F /* EnvironmentValues+ImageCache.swift in Sources */ = {isa = PBXBuildFile; fileRef = F6C83E5E2503F835007D745F /* EnvironmentValues+ImageCache.swift */; };
		F6C83E612503F835007D745F /* ImageLoader.swift in Sources */ = {isa = PBXBuildFile; fileRef = F6C83E602503F835007D745F /* ImageLoader.swift */; };
		F6C83E632503F835007D745F /* ImageCache.swift in Sources */ = {isa = PBXBuildFile; fileRef = F6C83E622503F835007D745F /* ImageCache.swift */; };
/* End PBXBuildFile section */

/* Begin PBXContainerItemProxy section */
		F6C83E352503F835007D745F /* PBXContainerItemProxy */ = {
			isa = PBXContainerItemProxy;
			containerPortal = F6C83E162503F835007D745F /* Project object */;
			proxyType = 1;
			remoteGlobalIDString = F6C83E1D2503F835007D745F;
			remoteInfo = FairyTaleCollageBuilder;
		};
		F6C83E402503F835007D745F /* PBXContainerItemProxy */ = {
			isa = PBXContainerItemProxy;
			containerPortal = F6C83E162503F835007D745F /* Project object */;
			proxyType = 1;
			remoteGlobalIDString = F6C83E1D2503F835007D745F;
			remoteInfo = FairyTaleCollageBuilder;
		};
/* End PBXContainerItemProxy section */

/* Begin PBXFileReference section */
		F6C83E1E2503F835007D745F /* FairyTaleCollageBuilder.app */ = {isa = PBXFileReference; explicitFileType = wrapper.application; includeInIndex = 0; path = FairyTaleCollageBuilder.app; sourceTree = BUILT_PRODUCTS_DIR; };
		F6C83E212503F835007D745F /* AppDelegate.swift */ = {isa = PBXFileReference; lastKnownFileType = sourcecode.swift; path = AppDelegate.swift; sourceTree = "<group>"; };
		F6C83E232503F835007D745F /* SceneDelegate.swift */ = {isa = PBXFileReference; lastKnownFileType = sourcecode.swift; path = SceneDelegate.swift; sourceTree = "<group>"; };
		F6C83E252503F835007D745F /* ContentView.swift */ = {isa = PBXFileReference; lastKnownFileType = sourcecode.swift; path = ContentView.swift; sourceTree = "<group>"; };
		F6C83E272503F835007D745F /* Assets.xcassets */ = {isa = PBXFileReference; lastKnownFileType = folder.assetcatalog; path = Assets.xcassets; sourceTree = "<group>"; };
		F6C83E2A2503F835007D745F /* Preview Assets.xcassets */ = {isa = PBXFileReference; lastKnownFileType = folder.assetcatalog; path = "Preview Assets.xcassets"; sourceTree = "<group>"; };
		F6C83E2D2503F835007D745F /* Base */ = {isa = PBXFileReference; lastKnownFileType = file.storyboard; name = Base; path = Base.lproj/LaunchScreen.storyboard; sourceTree = "<group>"; };
		F6C83E2F2503F835007D745F /* Info.plist */ = {isa = PBXFileReference; lastKnownFileType = text.plist.xml; path = Info.plist; sourceTree = "<group>"; };
		F6C83E342503F835007D745F /* FairyTaleCollageBuilderTests.xctest */ = {isa = PBXFileReference; explicitFileType = wrapper.cfbundle; includeInIndex = 0; path = FairyTaleCollageBuilderTests.xctest; sourceTree = BUILT_PRODUCTS_DIR; };
		F6C83E382503F835007D745F /* FairyTaleCollageBuilderTests.swift */ = {isa = PBXFileReference; lastKnownFileType = sourcecode.swift; path = FairyTaleCollageBuilderTests.swift; sourceTree = "<group>"; };
		F6C83E3A2503F835007D745F /* Info.plist */ = {isa = PBXFileReference; lastKnownFileType = text.plist.xml; path = Info.plist; sourceTree = "<group>"; };
		F6C83E3F2503F835007D745F /* FairyTaleCollageBuilderUITests.xctest */ = {isa = PBXFileReference; explicitFileType = wrapper.cfbundle; includeInIndex = 0; path = FairyTaleCollageBuilderUITests.xctest; sourceTree = BUILT_PRODUCTS_DIR; };
		F6C83E432503F835007D745F /* FairyTaleCollageBuilderUITests.swift */ = {isa = PBXFileReference; lastKnownFileType = sourcecode.swift; path = FairyTaleCollageBuilderUITests.swift; sourceTree = "<group>"; };
		F6C83E452503F835007D745F /* Info.plist */ = {isa = PBXFileReference; lastKnownFileType = text.plist.xml; path = Info.plist; sourceTree = "<group>"; };
		F6C83E512503F835007D745F /* ImagePicker.swift */ = {isa = PBXFileReference; lastKnownFileType = sourcecode.swift; path = ImagePicker.swift; sourceTree = "<group>"; };
		F6C83E562503F835007D745F /* DraggableView.swift */ = {isa = PBXFileReference; lastKnownFileType = sourcecode.swift; path = DraggableView.swift; sourceTree = "<group>"; };
		F6C83E582503F835007D745F /* View+Draggable.swift */ = {isa = PBXFileReference; lastKnownFileType = sourcecode.swift; path = "View+Draggable.swift"; sourceTree = "<group>"; };
		F6C83E5C2503F835007D745F /* AsyncImage.swift */ = {isa = PBXFileReference; lastKnownFileType = sourcecode.swift; path = AsyncImage.swift; sourceTree = "<group>"; };
		F6C83E5E2503F835007D745F /* EnvironmentValues+ImageCache.swift */ = {isa = PBXFileReference; lastKnownFileType = sourcecode.swift; path = "EnvironmentValues+ImageCache.swift"; sourceTree = "<group>"; };
		F6C83E602503F835007D745F /* ImageLoader.swift */ = {isa = PBXFileReference; lastKnownFileType = sourcecode.swift; path = ImageLoader.swift; sourceTree = "<group>"; };
		F6C83E622503F835007D745F /* ImageCache.swift */ = {isa = PBXFileReference; lastKnownFileType = sourcecode.swift; path = ImageCache.swift; sourceTree = "<group>"; };
/* End PBXFileReference section */

/* Begin PBXFrameworksBuildPhase section */
		F6C83E1B2503F835007D745F /* Frameworks */ = {
			isa = PBXFrameworksBuildPhase;
			buildActionMask = 2147483647;
			files = (
			);
			runOnlyForDeploymentPostprocessing = 0;
		};
		F6C83E312503F835007D745F /* Frameworks */ = {
			isa = PBXFrameworksBuildPhase;
			buildActionMask = 2147483647;
			files = (
			);
			runOnlyForDeploymentPostprocessing = 0;
		};
		F6C83E3C2503F835007D745F /* Frameworks */ = {
			isa = PBXFrameworksBuildPhase;
			buildActionMask = 2147483647;
			files = (
			);
			runOnlyForDeploymentPostprocessing = 0;
		};
/* End PBXFrameworksBuildPhase section */

/* Begin PBXGroup section */
		F6C83E152503F835007D745F = {
			isa = PBXGroup;
			children = (
				F6C83E202503F835007D745F /* FairyTaleCollageBuilder */,
				F6C83E372503F835007D745F /* FairyTaleCollageBuilderTests */,
				F6C83E422503F835007D745F /* FairyTaleCollageBuilderUITests */,
				F6C83E1F2503F835007D745F /* Products */,
			);
			sourceTree = "<group>";
		};
		F6C83E1F2503F835007D745F /* Products */ = {
			isa = PBXGroup;
			children = (
				F6C83E1E2503F835007D745F /* FairyTaleCollageBuilder.app */,
				F6C83E342503F835007D745F /* FairyTaleCollageBuilderTests.xctest */,
				F6C83E3F2503F835007D745F /* FairyTaleCollageBuilderUITests.xctest */,
			);
			name = Products;
			sourceTree = "<group>";
		};
		F6C83E202503F835007D745F /* FairyTaleCollageBuilder */ = {
			isa = PBXGroup;
			children = (
				F6C83E5B2503F835007D745F /* AsyncImage */,
				F6C83E552503F835007D745F /* Draggable */,
				F6C83E212503F835007D745F /* AppDelegate.swift */,
				F6C83E232503F835007D745F /* SceneDelegate.swift */,
				F6C83E512503F835007D745F /* ImagePicker.swift */,
				F6C83E252503F835007D745F /* ContentView.swift */,
				F6C83E272503F835007D745F /* Assets.xcassets */,
				F6C83E2C2503F835007D745F /* LaunchScreen.storyboard */,
				F6C83E2F2503F835007D745F /* Info.plist */,
				F6C83E292503F835007D745F /* Preview Content */,
			);
			path = FairyTaleCollageBuilder;
			sourceTree = "<group>";
		};
		F6C83E292503F835007D745F /* Preview Content */ = {
			isa = PBXGroup;
			children = (
				F6C83E2A2503F835007D745F /* Preview Assets.xcassets */,
			);
			path = "Preview Content";
			sourceTree = "<group>";
		};
		F6C83E372503F835007D745F /* FairyTaleCollageBuilderTests */ = {
			isa = PBXGroup;
			children = (
				F6C83E382503F835007D745F /* FairyTaleCollageBuilderTests.swift */,
				F6C83E3A2503F835007D745F /* Info.plist */,
			);
			path = FairyTaleCollageBuilderTests;
			sourceTree = "<group>";
		};
		F6C83E422503F835007D745F /* FairyTaleCollageBuilderUITests */ = {
			isa = PBXGroup;
			children = (
				F6C83E432503F835007D745F /* FairyTaleCollageBuilderUITests.swift */,
				F6C83E452503F835007D745F /* Info.plist */,
			);
			path = FairyTaleCollageBuilderUITests;
			sourceTree = "<group>";
		};
		F6C83E552503F835007D745F /* Draggable */ = {
			isa = PBXGroup;
			children = (
				F6C83E562503F835007D745F /* DraggableView.swift */,
				F6C83E582503F835007D745F /* View+Draggable.swift */,
			);
			path = Draggable;
			sourceTree = "<group>";
		};
		F6C83E5B2503F835007D745F /* AsyncImage */ = {
			isa = PBXGroup;
			children = (
				F6C83E5C2503F835007D745F /* AsyncImage.swift */,
				F6C83E5E2503F835007D745F /* EnvironmentValues+ImageCache.swift */,
				F6C83E622503F835007D745F /* ImageCache.swift */,
				F6C83E602503F835007D745F /* ImageLoader.swift */,
			);
			path = AsyncImage;
			sourceTree = "<group>";
		};
/* End PBXGroup section */

/* Begin PBXNativeTarget section */
		F6C83E1D2503F835007D745F /* FairyTaleCollageBuilder */ = {
			isa = PBXNativeTarget;
			buildConfigurationList = F6C83E482503F835007D745F /* Build configuration list for PBXNativeTarget "FairyTaleCollageBuilder" */;
			buildPhases = (
				F6C83E1A2503F835007D745F /* Sources */,
				F6C83E1B2503F835007D745F /* Frameworks */,
				F6C83E1C2503F835007D745F /* Resources */,
			);
			buildRules = (
			);
			dependencies = (
			);
			name = FairyTaleCollageBuilder;
			productName = FairyTaleCollageBuilder;
			productReference = F6C83E1E2503F835007D745F /* FairyTaleCollageBuilder.app */;
			productType = "com.apple.product-type.application";
		};
		F6C83E332503F835007D745F /* FairyTaleCollageBuilderTests */ = {
			isa = PBXNativeTarget;
			buildConfigurationList = F6C83E4B2503F835007D745F /* Build configuration list for PBXNativeTarget "FairyTaleCollageBuilderTests" */;
			buildPhases = (
				F6C83E302503F835007D745F /* Sources */,
				F6C83E312503F835007D745F /* Frameworks */,
				F6C83E322503F835007D745F /* Resources */,
			);
			buildRules = (
			);
			dependencies = (
				F6C83E362503F835007D745F /* PBXTargetDependency */,
			);
			name = FairyTaleCollageBuilderTests;
			productName = FairyTaleCollageBuilderTests;
			productReference = F6C83E342503F835007D745F /* FairyTaleCollageBuilderTests.xctest */;
			productType = "com.apple.product-type.bundle.unit-test";
		};
		F6C83E3E2503F835007D745F /* FairyTaleCollageBuilderUITests */ = {
			isa = PBXNativeTarget;
			buildConfigurationList = F6C83E4E2503F835007D745F /* Build configuration list for PBXNativeTarget "FairyTaleCollageBuilderUITests" */;
			buildPhases = (
				F6C83E3B2503F835007D745F /* Sources */,
				F6C83E3C2503F835007D745F /* Frameworks */,
				F6C83E3D2503F835007D745F /* Resources */,
			);
			buildRules = (
			);
			dependencies = (
				F6C83E412503F835007D745F /* PBXTargetDependency */,
			);
			name = FairyTaleCollageBuilderUITests;
			productName = FairyTaleCollageBuilderUITests;
			productReference = F6C83E3F2503F835007D745F /* FairyTaleCollageBuilderUITests.xctest */;
			productType = "com.apple.product-type.bundle.ui-testing";
		};
/* End PBXNativeTarget section */

/* Begin PBXProject section */
		F6C83E162503F835007D745F /* Project object */ = {
			isa = PBXProject;
			attributes = {
				LastSwiftUpdateCheck = 1160;
				LastUpgradeCheck = 1160;
				ORGANIZATIONNAME = "Stanimira Vlaeva";
				TargetAttributes = {
					F6C83E1D2503F835007D745F = {
						CreatedOnToolsVersion = 11.6;
					};
					F6C83E332503F835007D745F = {
						CreatedOnToolsVersion = 11.6;
						TestTargetID = F6C83E1D2503F835007D745F;
					};
					F6C83E3E2503F835007D745F = {
						CreatedOnToolsVersion = 11.6;
						TestTargetID = F6C83E1D2503F835007D745F;
					};
				};
			};
			buildConfigurationList = F6C83E192503F835007D745F /* Build configuration list for PBXProject "FairyTaleCollageBuilder" */;
			compatibilityVersion = "Xcode 9.3";
			developmentRegion = en;
			hasScannedForEncodings = 0;
			knownRegions = (
				en,
				Base,
			);
			mainGroup = F6C83E152503F835007D745F;
			productRefGroup = F6C83E1F2503F835007D745F /* Products */;
			projectDirPath = "";
			projectRoot = "";
			targets = (
				F6C83E1D2503F835007D745F /* FairyTaleCollageBuilder */,
				F6C83E332503F835007D745F /* FairyTaleCollageBuilderTests */,
				F6C83E3E2503F835007D745F /* FairyTaleCollageBuilderUITests */,
			);
		};
/* End PBXProject section */

/* Begin PBXResourcesBuildPhase section */
		F6C83E1C2503F835007D745F /* Resources */ = {
			isa = PBXResourcesBuildPhase;
			buildActionMask = 2147483647;
			files = (
				F6C83E2E2503F835007D745F /* LaunchScreen.storyboard in Resources */,
				F6C83E2B2503F835007D745F /* Preview Assets.xcassets in Resources */,
				F6C83E282503F835007D745F /* Assets.xcassets in Resources */,
			);
			runOnlyForDeploymentPostprocessing = 0;
		};
		F6C83E322503F835007D745F /* Resources */ = {
			isa = PBXResourcesBuildPhase;
			buildActionMask = 2147483647;
			files = (
			);
			runOnlyForDeploymentPostprocessing = 0;
		};
		F6C83E3D2503F835007D745F /* Resources */ = {
			isa = PBXResourcesBuildPhase;
			buildActionMask = 2147483647;
			files = (
			);
			runOnlyForDeploymentPostprocessing = 0;
		};
/* End PBXResourcesBuildPhase section */

/* Begin PBXSourcesBuildPhase section */
		F6C83E1A2503F835007D745F /* Sources */ = {
			isa = PBXSourcesBuildPhase;
			buildActionMask = 2147483647;
			files = (
				F6C83E632503F835007D745F /* ImageCache.swift in Sources */,
				F6C83E5D2503F835007D745F /* AsyncImage.swift in Sources */,
				F6C83E592503F835007D745F /* View+Draggable.swift in Sources */,
				F6C83E572503F835007D745F /* DraggableView.swift in Sources */,
				F6C83E222503F835007D745F /* AppDelegate.swift in Sources */,
				F6C83E5F2503F835007D745F /* EnvironmentValues+ImageCache.swift in Sources */,
				F6C83E612503F835007D745F /* ImageLoader.swift in Sources */,
				F6C83E522503F835007D745F /* ImagePicker.swift in Sources */,
				F6C83E242503F835007D745F /* SceneDelegate.swift in Sources */,
				F6C83E262503F835007D745F /* ContentView.swift in Sources */,
			);
			runOnlyForDeploymentPostprocessing = 0;
		};
		F6C83E302503F835007D745F /* Sources */ = {
			isa = PBXSourcesBuildPhase;
			buildActionMask = 2147483647;
			files = (
				F6C83E392503F835007D745F /* FairyTaleCollageBuilderTests.swift in Sources */,
			);
			runOnlyForDeploymentPostprocessing = 0;
		};
		F6C83E3B2503F835007D745F /* Sources */ = {
			isa = PBXSourcesBuildPhase;
			buildActionMask = 2147483647;
			files = (
				F6C83E442503F835007D745F /* FairyTaleCollageBuilderUITests.swift in Sources */,
			);
			runOnlyForDeploymentPostprocessing = 0;
		};
/* End PBXSourcesBuildPhase section */

/* Begin PBXTargetDependency section */
		F6C83E362503F835007D745F /* PBXTargetDependency */ = {
			isa = PBXTargetDependency;
			target = F6C83E1D2503F835007D745F /* FairyTaleCollageBuilder */;
			targetProxy = F6C83E352503F835007D745F /* PBXContainerItemProxy */;
		};
		F6C83E412503F835007D745F /* PBXTargetDependency */ = {
			isa = PBXTargetDependency;
			target = F6C83E1D2503F835007D745F /* FairyTaleCollageBuilder */;
			targetProxy = F6C83E402503F835007D745F /* PBXContainerItemProxy */;
		};
/* End PBXTargetDependency section */

/* Begin PBXVariantGroup section */
		F6C83E2C2503F835007D745F /* LaunchScreen.storyboard */ = {
			isa = PBXVariantGroup;
			children = (
				F6C83E2D2503F835007D745F /* Base */,
			);
			name = LaunchScreen.storyboard;
			sourceTree = "<group>";
		};
/* End PBXVariantGroup section */

/* Begin XCBuildConfiguration section */
		F6C83E462503F835007D745F /* Debug */ = {
			isa = XCBuildConfiguration;
			buildSettings = {
				ALWAYS_SEARCH_USER_PATHS = NO;
				CLANG_ANALYZER_NONNULL = YES;
				CLANG_ANALYZER_NUMBER_OBJECT_CONVERSION = YES_AGGRESSIVE;
				CLANG_CXX_LANGUAGE_STANDARD = "gnu++14";
				CLANG_CXX_LIBRARY = "libc++";
				CLANG_ENABLE_MODULES = YES;
				CLANG_ENABLE_OBJC_ARC = YES;
				CLANG_ENABLE_OBJC_WEAK = YES;
				CLANG_WARN_BLOCK_CAPTURE_AUTORELEASING = YES;
				CLANG_WARN_BOOL_CONVERSION = YES;
				CLANG_WARN_COMMA = YES;
				CLANG_WARN_CONSTANT_CONVERSION = YES;
				CLANG_WARN_DEPRECATED_OBJC_IMPLEMENTATIONS = YES;
				CLANG_WARN_DIRECT_OBJC_ISA_USAGE = YES_ERROR;
				CLANG_WARN_DOCUMENTATION_COMMENTS = YES;
				CLANG_WARN_EMPTY_BODY = YES;
				CLANG_WARN_ENUM_CONVERSION = YES;
				CLANG_WARN_INFINITE_RECURSION = YES;
				CLANG_WARN_INT_CONVERSION = YES;
				CLANG_WARN_NON_LITERAL_NULL_CONVERSION = YES;
				CLANG_WARN_OBJC_IMPLICIT_RETAIN_SELF = YES;
				CLANG_WARN_OBJC_LITERAL_CONVERSION = YES;
				CLANG_WARN_OBJC_ROOT_CLASS = YES_ERROR;
				CLANG_WARN_RANGE_LOOP_ANALYSIS = YES;
				CLANG_WARN_STRICT_PROTOTYPES = YES;
				CLANG_WARN_SUSPICIOUS_MOVE = YES;
				CLANG_WARN_UNGUARDED_AVAILABILITY = YES_AGGRESSIVE;
				CLANG_WARN_UNREACHABLE_CODE = YES;
				CLANG_WARN__DUPLICATE_METHOD_MATCH = YES;
				COPY_PHASE_STRIP = NO;
				DEBUG_INFORMATION_FORMAT = dwarf;
				ENABLE_STRICT_OBJC_MSGSEND = YES;
				ENABLE_TESTABILITY = YES;
				GCC_C_LANGUAGE_STANDARD = gnu11;
				GCC_DYNAMIC_NO_PIC = NO;
				GCC_NO_COMMON_BLOCKS = YES;
				GCC_OPTIMIZATION_LEVEL = 0;
				GCC_PREPROCESSOR_DEFINITIONS = (
					"DEBUG=1",
					"$(inherited)",
				);
				GCC_WARN_64_TO_32_BIT_CONVERSION = YES;
				GCC_WARN_ABOUT_RETURN_TYPE = YES_ERROR;
				GCC_WARN_UNDECLARED_SELECTOR = YES;
				GCC_WARN_UNINITIALIZED_AUTOS = YES_AGGRESSIVE;
				GCC_WARN_UNUSED_FUNCTION = YES;
				GCC_WARN_UNUSED_VARIABLE = YES;
				IPHONEOS_DEPLOYMENT_TARGET = 13.6;
				MTL_ENABLE_DEBUG_INFO = INCLUDE_SOURCE;
				MTL_FAST_MATH = YES;
				ONLY_ACTIVE_ARCH = YES;
				SDKROOT = iphoneos;
				SWIFT_ACTIVE_COMPILATION_CONDITIONS = DEBUG;
				SWIFT_OPTIMIZATION_LEVEL = "-Onone";
			};
			name = Debug;
		};
		F6C83E472503F835007D745F /* Release */ = {
			isa = XCBuildConfiguration;
			buildSettings = {
				ALWAYS_SEARCH_USER_PATHS = NO;
				CLANG_ANALYZER_NONNULL = YES;
				CLANG_ANALYZER_NUMBER_OBJECT_CONVERSION = YES_AGGRESSIVE;
				CLANG_CXX_LANGUAGE_STANDARD = "gnu++14";
				CLANG_CXX_LIBRARY = "libc++";
				CLANG_ENABLE_MODULES = YES;
				CLANG_ENABLE_OBJC_ARC = YES;
				CLANG_ENABLE_OBJC_WEAK = YES;
				CLANG_WARN_BLOCK_CAPTURE_AUTORELEASING = YES;
				CLANG_WARN_BOOL_CONVERSION = YES;
				CLANG_WARN_COMMA = YES;
				CLANG_WARN_CONSTANT_CONVERSION = YES;
				CLANG_WARN_DEPRECATED_OBJC_IMPLEMENTATIONS = YES;
				CLANG_WARN_DIRECT_OBJC_ISA_USAGE = YES_ERROR;
				CLANG_WARN_DOCUMENTATION_COMMENTS = YES;
				CLANG_WARN_EMPTY_BODY = YES;
				CLANG_WARN_ENUM_CONVERSION = YES;
				CLANG_WARN_INFINITE_RECURSION = YES;
				CLANG_WARN_INT_CONVERSION = YES;
				CLANG_WARN_NON_LITERAL_NULL_CONVERSION = YES;
				CLANG_WARN_OBJC_IMPLICIT_RETAIN_SELF = YES;
				CLANG_WARN_OBJC_LITERAL_CONVERSION = YES;
				CLANG_WARN_OBJC_ROOT_CLASS = YES_ERROR;
				CLANG_WARN_RANGE_LOOP_ANALYSIS = YES;
				CLANG_WARN_STRICT_PROTOTYPES = YES;
				CLANG_WARN_SUSPICIOUS_MOVE = YES;
				CLANG_WARN_UNGUARDED_AVAILABILITY = YES_AGGRESSIVE;
				CLANG_WARN_UNREACHABLE_CODE = YES;
				CLANG_WARN__DUPLICATE_METHOD_MATCH = YES;
				COPY_PHASE_STRIP = NO;
				DEBUG_INFORMATION_FORMAT = "dwarf-with-dsym";
				ENABLE_NS_ASSERTIONS = NO;
				ENABLE_STRICT_OBJC_MSGSEND = YES;
				GCC_C_LANGUAGE_STANDARD = gnu11;
				GCC_NO_COMMON_BLOCKS = YES;
				GCC_WARN_64_TO_32_BIT_CONVERSION = YES;
				GCC_WARN_ABOUT_RETURN_TYPE = YES_ERROR;
				GCC_WARN_UNDECLARED_SELECTOR = YES;
				GCC_WARN_UNINITIALIZED_AUTOS = YES_AGGRESSIVE;
				GCC_WARN_UNUSED_FUNCTION = YES;
				GCC_WARN_UNUSED_VARIABLE = YES;
				IPHONEOS_DEPLOYMENT_TARGET = 13.6;
				MTL_ENABLE_DEBUG_INFO = NO;
				MTL_FAST_MATH = YES;
				SDKROOT = iphoneos;
				SWIFT_COMPILATION_MODE = wholemodule;
				SWIFT_OPTIMIZATION_LEVEL = "-O";
				VALIDATE_PRODUCT = YES;
			};
			name = Release;
		};
		F6C83E492503F835007D745F /* Debug */ = {
			isa = XCBuildConfiguration;
			buildSettings = {
				ASSETCATALOG_COMPILER_APPICON_NAME = AppIcon;
				CODE_SIGN_STYLE = Automatic;
				DEVELOPMENT_ASSET_PATHS = "\"FairyTaleCollageBuilder/Preview Content\"";
				ENABLE_PREVIEWS = YES;
				INFOPLIST_FILE = FairyTaleCollageBuilder/Info.plist;
				LD_RUNPATH_SEARCH_PATHS = (
					"$(inherited)",
					"@executable_path/Frameworks",
				);
				PRODUCT_BUNDLE_IDENTIFIER = com.sis0k0.FairyTaleCollageBuilder;
				PRODUCT_NAME = "$(TARGET_NAME)";
				SWIFT_VERSION = 5.0;
				TARGETED_DEVICE_FAMILY = "1,2";
			};
			name = Debug;
		};
		F6C83E4A2503F835007D745F /* Release */ = {
			isa = XCBuildConfiguration;
			buildSettings = {
				ASSETCATALOG_COMPILER_APPICON_NAME = AppIcon;
				CODE_SIGN_STYLE = Automatic;
				DEVELOPMENT_ASSET_PATHS = "\"FairyTaleCollageBuilder/Preview Content\"";
				ENABLE_PREVIEWS = YES;
				INFOPLIST_FILE = FairyTaleCollageBuilder/Info.plist;
				LD_RUNPATH_SEARCH_PATHS = (
					"$(inherited)",
					"@executable_path/Frameworks",
				);
				PRODUCT_BUNDLE_IDENTIFIER = com.sis0k0.FairyTaleCollageBuilder;
				PRODUCT_NAME = "$(TARGET_NAME)";
				SWIFT_VERSION = 5.0;
				TARGETED_DEVICE_FAMILY = "1,2";
			};
			name = Release;
		};
		F6C83E4C2503F835007D745F /* Debug */ = {
			isa = XCBuildConfiguration;
			buildSettings = {
				ALWAYS_EMBED_SWIFT_STANDARD_LIBRARIES = YES;
				BUNDLE_LOADER = "$(TEST_HOST)";
				CODE_SIGN_STYLE = Automatic;
				INFOPLIST_FILE = FairyTaleCollageBuilderTests/Info.plist;
				IPHONEOS_DEPLOYMENT_TARGET = 13.6;
				LD_RUNPATH_SEARCH_PATHS = (
					"$(inherited)",
					"@executable_path/Frameworks",
					"@loader_path/Frameworks",
				);
				PRODUCT_BUNDLE_IDENTIFIER = com.sis0k0.FairyTaleCollageBuilderTests;
				PRODUCT_NAME = "$(TARGET_NAME)";
				SWIFT_VERSION = 5.0;
				TARGETED_DEVICE_FAMILY = "1,2";
				TEST_HOST = "$(BUILT_PRODUCTS_DIR)/FairyTaleCollageBuilder.app/FairyTaleCollageBuilder";
			};
			name = Debug;
		};
		F6C83E4D2503F835007D745F /* Release */ = {
			isa = XCBuildConfiguration;
			buildSettings = {
				ALWAYS_EMBED_SWIFT_STANDARD_LIBRARIES = YES;
				BUNDLE_LOADER = "$(TEST_HOST)";
				CODE_SIGN_STYLE = Automatic;
				INFOPLIST_FILE = FairyTaleCollageBuilderTests/Info.plist;
				IPHONEOS_DEPLOYMENT_TARGET = 13.6;
				LD_RUNPATH_SEARCH_PATHS = (
					"$(inherited)",
					"@executable_path/Frameworks",
					"@loader_path/Frameworks",
				);
				PRODUCT_BUNDLE_IDENTIFIER = com.sis0k0.FairyTaleCollageBuilderTests;
				PRODUCT_NAME = "$(TARGET_NAME)";
				SWIFT_VERSION = 5.0;
				TARGETED_DEVICE_FAMILY = "1,2";
				TEST_HOST = "$(BUILT_PRODUCTS_DIR)/FairyTaleCollageBuilder.app/FairyTaleCollageBuilder";
			};
			name = Release;
		};
		F6C83E4F2503F835007D745F /* Debug */ = {
			isa = XCBuildConfiguration;
			buildSettings = {
				ALWAYS_EMBED_SWIFT_STANDARD_LIBRARIES = YES;
				CODE_SIGN_STYLE = Automatic;
				INFOPLIST_FILE = FairyTaleCollageBuilderUITests/Info.plist;
				LD_RUNPATH_SEARCH_PATHS = (
					"$(inherited)",
					"@executable_path/Frameworks",
					"@loader_path/Frameworks",
				);
				PRODUCT_BUNDLE_IDENTIFIER = com.sis0k0.FairyTaleCollageBuilderUITests;
				PRODUCT_NAME = "$(TARGET_NAME)";
				SWIFT_VERSION = 5.0;
				TARGETED_DEVICE_FAMILY = "1,2";
				TEST_TARGET_NAME = FairyTaleCollageBuilder;
			};
			name = Debug;
		};
		F6C83E502503F835007D745F /* Release */ = {
			isa = XCBuildConfiguration;
			buildSettings = {
				ALWAYS_EMBED_SWIFT_STANDARD_LIBRARIES = YES;
				CODE_SIGN_STYLE = Automatic;
				INFOPLIST_FILE = FairyTaleCollageBuilderUITests/Info.plist;
				LD_RUNPATH_SEARCH_PATHS = (
					"$(inherited)",
					"@executable_path/Frameworks",
					"@loader_path/Frameworks",
				);
				PRODUCT_BUNDLE_IDENTIFIER = com.sis0k0.FairyTaleCollageBuilderUITests;
				PRODUCT_NAME = "$(TARGET_NAME)";
				SWIFT_VERSION = 5.0;
				TARGETED_DEVICE_FAMILY = "1,2";
				TEST_TARGET_NAME = FairyTaleCollageBuilder;
			};
			name = Release;
		};
/* End XCBuildConfiguration section */

/* Begin XCConfigurationList section */
		F6C83E192503F835007D745F /* Build configuration list for PBXProject "FairyTaleCollageBuilder" */ = {
			isa = XCConfigurationList;
			buildConfigurations = (
				F6C83E462503F835007D745F /* Debug */,
				F6C83E472503F835007D745F /* Release */,
			);
			defaultConfigurationIsVisible = 0;
			defaultConfigurationName = Release;
		};
		F6C83E482503F835007D745F /* Build configuration list for PBXNativeTarget "FairyTaleCollageBuilder" */ = {
			isa = XCConfigurationList;
			buildConfigurations = (
				F6C83E492503F835007D745F /* Debug */,
				F6C83E4A2503F835007D745F /* Release */,
			);
			defaultConfigurationIsVisible = 0;
			defaultConfigurationName = Release;
		};
		F6C83E4B2503F835007D745F /* Build configuration list for PBXNativeTarget "FairyTaleCollageBuilderTests" */ = {
			isa = XCConfigurationList;
			buildConfigurations = (
				F6C83E4C2503F835007D745F /* Debug */,
				F6C83E4D2503F835007D745F /* Release */,
			);
			defaultConfigurationIsVisible = 0;
			defaultConfigurationName = Release;
		};
		F6C83E4E2503F835007D745F /* Build configuration list for PBXNativeTarget "FairyTaleCollageBuilderUITests" */ = {
			isa = XCConfigurationList;
			buildConfigurations = (
				F6C83E4F2503F835007D745F /* Debug */,
				F6C83E502503F835007D745F /* Release */,
			);
			defaultConfigurationIsVisible = 0;
			defaultConfigurationName = Release;
		};
/* End XCConfigurationList section */
	};
	rootObject = F6C83E162503F835007D745F /* Project object */;
}
